
Microsoft Visual Studio Solution File, Format Version 12.00
# Visual Studio Version 16
VisualStudioVersion = 16.0.31624.102
MinimumVisualStudioVersion = 10.0.40219.1
Project("{9A19103F-16F7-4668-BE54-9A1E7A4F7556}") = "Entity", "Entity\Entity.csproj", "{5A976277-8300-4D82-BE3E-4CEB3678905C}"
EndProject
Project("{9A19103F-16F7-4668-BE54-9A1E7A4F7556}") = "DataAccess", "DataAccess\DataAccess.csproj", "{5210B03B-9A14-4233-819B-37D9C5E94910}"
EndProject
Project("{9A19103F-16F7-4668-BE54-9A1E7A4F7556}") = "Business", "Business\Business.csproj", "{93CE9DD1-94A9-4673-B1B1-CDE8BEAC2B25}"
EndProject
Project("{9A19103F-16F7-4668-BE54-9A1E7A4F7556}") = "WebAPI", "WebAPI\WebAPI.csproj", "{7A102FD9-706B-441F-A62C-47E759B467D5}"
EndProject
Global
	GlobalSection(SolutionConfigurationPlatforms) = preSolution
		Debug|Any CPU = Debug|Any CPU
		Release|Any CPU = Release|Any CPU
	EndGlobalSection
	GlobalSection(ProjectConfigurationPlatforms) = postSolution
		{5A976277-8300-4D82-BE3E-4CEB3678905C}.Debug|Any CPU.ActiveCfg = Debug|Any CPU
		{5A976277-8300-4D82-BE3E-4CEB3678905C}.Debug|Any CPU.Build.0 = Debug|Any CPU
		{5A976277-8300-4D82-BE3E-4CEB3678905C}.Release|Any CPU.ActiveCfg = Release|Any CPU
		{5A976277-8300-4D82-BE3E-4CEB3678905C}.Release|Any CPU.Build.0 = Release|Any CPU
		{5210B03B-9A14-4233-819B-37D9C5E94910}.Debug|Any CPU.ActiveCfg = Debug|Any CPU
		{5210B03B-9A14-4233-819B-37D9C5E94910}.Debug|Any CPU.Build.0 = Debug|Any CPU
		{5210B03B-9A14-4233-819B-37D9C5E94910}.Release|Any CPU.ActiveCfg = Release|Any CPU
		{5210B03B-9A14-4233-819B-37D9C5E94910}.Release|Any CPU.Build.0 = Release|Any CPU
		{93CE9DD1-94A9-4673-B1B1-CDE8BEAC2B25}.Debug|Any CPU.ActiveCfg = Debug|Any CPU
		{93CE9DD1-94A9-4673-B1B1-CDE8BEAC2B25}.Debug|Any CPU.Build.0 = Debug|Any CPU
		{93CE9DD1-94A9-4673-B1B1-CDE8BEAC2B25}.Release|Any CPU.ActiveCfg = Release|Any CPU
		{93CE9DD1-94A9-4673-B1B1-CDE8BEAC2B25}.Release|Any CPU.Build.0 = Release|Any CPU
		{7A102FD9-706B-441F-A62C-47E759B467D5}.Debug|Any CPU.ActiveCfg = Debug|Any CPU
		{7A102FD9-706B-441F-A62C-47E759B467D5}.Debug|Any CPU.Build.0 = Debug|Any CPU
		{7A102FD9-706B-441F-A62C-47E759B467D5}.Release|Any CPU.ActiveCfg = Release|Any CPU
		{7A102FD9-706B-441F-A62C-47E759B467D5}.Release|Any CPU.Build.0 = Release|Any CPU
	EndGlobalSection
	GlobalSection(SolutionProperties) = preSolution
		HideSolutionNode = FALSE
	EndGlobalSection
	GlobalSection(ExtensibilityGlobals) = postSolution
		SolutionGuid = {2E19BB42-9595-47FF-950F-B19E5445D5F9}
	EndGlobalSection
EndGlobal
